{
    "_meta": {
        "hash": {
            "sha256": "d673da30a45359c6f5d444d50e81c3c72941415af22c64d219cc824413bea7b3"
        },
        "pipfile-spec": 6,
        "requires": {
            "python_version": "3.6"
        },
        "sources": [
            {
                "name": "morphey",
                "url": "https://github.com/lttb/morphy",
                "verify_ssl": true
            }
        ]
    },
    "default": {},
    "develop": {}
}
